
Microsoft Visual Studio Solution File, Format Version 12.00
# Visual Studio Version 17
VisualStudioVersion = 17.2.32616.157
MinimumVisualStudioVersion = 10.0.40219.1
Project("{FAE04EC0-301F-11D3-BF4B-00C04F79EFBC}") = "SpecFlowProject2", "SpecFlowProject2\SpecFlowProject2.csproj", "{EE3AB478-1A89-4CB5-8A4E-5C57587C3553}"
EndProject
Global
	GlobalSection(SolutionConfigurationPlatforms) = preSolution
		Debug|Any CPU = Debug|Any CPU
		Release|Any CPU = Release|Any CPU
	EndGlobalSection
	GlobalSection(ProjectConfigurationPlatforms) = postSolution
		{EE3AB478-1A89-4CB5-8A4E-5C57587C3553}.Debug|Any CPU.ActiveCfg = Debug|Any CPU
		{EE3AB478-1A89-4CB5-8A4E-5C57587C3553}.Debug|Any CPU.Build.0 = Debug|Any CPU
		{EE3AB478-1A89-4CB5-8A4E-5C57587C3553}.Release|Any CPU.ActiveCfg = Release|Any CPU
		{EE3AB478-1A89-4CB5-8A4E-5C57587C3553}.Release|Any CPU.Build.0 = Release|Any CPU
	EndGlobalSection
	GlobalSection(SolutionProperties) = preSolution
		HideSolutionNode = FALSE
	EndGlobalSection
	GlobalSection(ExtensibilityGlobals) = postSolution
		SolutionGuid = {8F173881-B7A3-459C-B352-F7D7125E01DA}
	EndGlobalSection
EndGlobal
